
Microsoft Visual Studio Solution File, Format Version 12.00
# Visual Studio 15
VisualStudioVersion = 15.0.27130.2027
MinimumVisualStudioVersion = 10.0.40219.1
Project("{FAE04EC0-301F-11D3-BF4B-00C04F79EFBC}") = "Domain", "Domain\Domain.csproj", "{A6BB37A9-B132-48AB-821F-D37D5AC15D83}"
EndProject
Global
	GlobalSection(SolutionConfigurationPlatforms) = preSolution
		Debug|Any CPU = Debug|Any CPU
		Release|Any CPU = Release|Any CPU
	EndGlobalSection
	GlobalSection(ProjectConfigurationPlatforms) = postSolution
		{A6BB37A9-B132-48AB-821F-D37D5AC15D83}.Debug|Any CPU.ActiveCfg = Debug|Any CPU
		{A6BB37A9-B132-48AB-821F-D37D5AC15D83}.Debug|Any CPU.Build.0 = Debug|Any CPU
		{A6BB37A9-B132-48AB-821F-D37D5AC15D83}.Release|Any CPU.ActiveCfg = Release|Any CPU
		{A6BB37A9-B132-48AB-821F-D37D5AC15D83}.Release|Any CPU.Build.0 = Release|Any CPU
	EndGlobalSection
	GlobalSection(SolutionProperties) = preSolution
		HideSolutionNode = FALSE
	EndGlobalSection
	GlobalSection(ExtensibilityGlobals) = postSolution
		SolutionGuid = {0383817A-7633-469E-B293-A94F356EF0F7}
	EndGlobalSection
EndGlobal
